
Microsoft Visual Studio Solution File, Format Version 12.00
# Visual Studio Version 17
VisualStudioVersion = 17.7.34009.444
MinimumVisualStudioVersion = 10.0.40219.1
Project("{FAE04EC0-301F-11D3-BF4B-00C04F79EFBC}") = "Hangfire with Twitter", "Hangfire with Twitter\Hangfire with Twitter.csproj", "{33ECAFC5-3559-43E6-BA5B-15EE2D67A424}"
EndProject
Global
	GlobalSection(SolutionConfigurationPlatforms) = preSolution
		Debug|Any CPU = Debug|Any CPU
		Release|Any CPU = Release|Any CPU
	EndGlobalSection
	GlobalSection(ProjectConfigurationPlatforms) = postSolution
		{33ECAFC5-3559-43E6-BA5B-15EE2D67A424}.Debug|Any CPU.ActiveCfg = Debug|Any CPU
		{33ECAFC5-3559-43E6-BA5B-15EE2D67A424}.Debug|Any CPU.Build.0 = Debug|Any CPU
		{33ECAFC5-3559-43E6-BA5B-15EE2D67A424}.Release|Any CPU.ActiveCfg = Release|Any CPU
		{33ECAFC5-3559-43E6-BA5B-15EE2D67A424}.Release|Any CPU.Build.0 = Release|Any CPU
	EndGlobalSection
	GlobalSection(SolutionProperties) = preSolution
		HideSolutionNode = FALSE
	EndGlobalSection
	GlobalSection(ExtensibilityGlobals) = postSolution
		SolutionGuid = {ED81784F-F8EB-4D65-A0B5-7483462BCAD2}
	EndGlobalSection
EndGlobal
