
Microsoft Visual Studio Solution File, Format Version 12.00
# Visual Studio Version 17
VisualStudioVersion = 17.7.34031.279
MinimumVisualStudioVersion = 10.0.40219.1
Project("{FAE04EC0-301F-11D3-BF4B-00C04F79EFBC}") = "JWT Authentication and Authorization Role-Based", "JWT Authentication and Authorization Role-Based\JWT Authentication and Authorization Role-Based.csproj", "{2195BE94-4CC9-4379-AAD7-93425D2CA5E1}"
EndProject
Global
	GlobalSection(SolutionConfigurationPlatforms) = preSolution
		Debug|Any CPU = Debug|Any CPU
		Release|Any CPU = Release|Any CPU
	EndGlobalSection
	GlobalSection(ProjectConfigurationPlatforms) = postSolution
		{2195BE94-4CC9-4379-AAD7-93425D2CA5E1}.Debug|Any CPU.ActiveCfg = Debug|Any CPU
		{2195BE94-4CC9-4379-AAD7-93425D2CA5E1}.Debug|Any CPU.Build.0 = Debug|Any CPU
		{2195BE94-4CC9-4379-AAD7-93425D2CA5E1}.Release|Any CPU.ActiveCfg = Release|Any CPU
		{2195BE94-4CC9-4379-AAD7-93425D2CA5E1}.Release|Any CPU.Build.0 = Release|Any CPU
	EndGlobalSection
	GlobalSection(SolutionProperties) = preSolution
		HideSolutionNode = FALSE
	EndGlobalSection
	GlobalSection(ExtensibilityGlobals) = postSolution
		SolutionGuid = {0B88F7E3-708C-4E0A-86C3-C7A9116AC14C}
	EndGlobalSection
EndGlobal
