
Microsoft Visual Studio Solution File, Format Version 12.00
# Visual Studio Version 17
VisualStudioVersion = 17.6.33829.357
MinimumVisualStudioVersion = 10.0.40219.1
Project("{FAE04EC0-301F-11D3-BF4B-00C04F79EFBC}") = "Hangfire-RabbitMQ", "Hangfire-RabbitMQ\Hangfire-RabbitMQ.csproj", "{5817BCBD-67E6-4C1D-AA0B-C63A771A3A0D}"
EndProject
Global
	GlobalSection(SolutionConfigurationPlatforms) = preSolution
		Debug|Any CPU = Debug|Any CPU
		Release|Any CPU = Release|Any CPU
	EndGlobalSection
	GlobalSection(ProjectConfigurationPlatforms) = postSolution
		{5817BCBD-67E6-4C1D-AA0B-C63A771A3A0D}.Debug|Any CPU.ActiveCfg = Debug|Any CPU
		{5817BCBD-67E6-4C1D-AA0B-C63A771A3A0D}.Debug|Any CPU.Build.0 = Debug|Any CPU
		{5817BCBD-67E6-4C1D-AA0B-C63A771A3A0D}.Release|Any CPU.ActiveCfg = Release|Any CPU
		{5817BCBD-67E6-4C1D-AA0B-C63A771A3A0D}.Release|Any CPU.Build.0 = Release|Any CPU
	EndGlobalSection
	GlobalSection(SolutionProperties) = preSolution
		HideSolutionNode = FALSE
	EndGlobalSection
	GlobalSection(ExtensibilityGlobals) = postSolution
		SolutionGuid = {7C0F98AC-0586-42F6-982D-000A5BEA40E5}
	EndGlobalSection
EndGlobal
