
Microsoft Visual Studio Solution File, Format Version 12.00
# Visual Studio Version 17
VisualStudioVersion = 17.6.33829.357
MinimumVisualStudioVersion = 10.0.40219.1
Project("{9A19103F-16F7-4668-BE54-9A1E7A4F7556}") = "DemoElasticsearch", "DemoElasticsearch\DemoElasticsearch.csproj", "{D38556C4-396C-4D5F-9474-1135704F3436}"
EndProject
Project("{9A19103F-16F7-4668-BE54-9A1E7A4F7556}") = "DemoElasticsearch.Core", "DemoElasticsearch.Core\DemoElasticsearch.Core.csproj", "{C3B05C7C-C813-410D-B883-8FF4F2EB547C}"
EndProject
Project("{9A19103F-16F7-4668-BE54-9A1E7A4F7556}") = "DemoElasticsearch.Infrastructure", "DemoElasticsearch.Infrastructure\DemoElasticsearch.Infrastructure.csproj", "{4745CA11-E4D8-40B2-9F0B-0BD151862B18}"
EndProject
Project("{FAE04EC0-301F-11D3-BF4B-00C04F79EFBC}") = "DemoElasticsearch.Domain", "DemoElasticsearch.Domain\DemoElasticsearch.Domain.csproj", "{E748E16F-ED98-4052-9BBC-A87E1F1EA389}"
EndProject
Global
	GlobalSection(SolutionConfigurationPlatforms) = preSolution
		Debug|Any CPU = Debug|Any CPU
		Release|Any CPU = Release|Any CPU
	EndGlobalSection
	GlobalSection(ProjectConfigurationPlatforms) = postSolution
		{D38556C4-396C-4D5F-9474-1135704F3436}.Debug|Any CPU.ActiveCfg = Debug|Any CPU
		{D38556C4-396C-4D5F-9474-1135704F3436}.Debug|Any CPU.Build.0 = Debug|Any CPU
		{D38556C4-396C-4D5F-9474-1135704F3436}.Release|Any CPU.ActiveCfg = Release|Any CPU
		{D38556C4-396C-4D5F-9474-1135704F3436}.Release|Any CPU.Build.0 = Release|Any CPU
		{C3B05C7C-C813-410D-B883-8FF4F2EB547C}.Debug|Any CPU.ActiveCfg = Debug|Any CPU
		{C3B05C7C-C813-410D-B883-8FF4F2EB547C}.Debug|Any CPU.Build.0 = Debug|Any CPU
		{C3B05C7C-C813-410D-B883-8FF4F2EB547C}.Release|Any CPU.ActiveCfg = Release|Any CPU
		{C3B05C7C-C813-410D-B883-8FF4F2EB547C}.Release|Any CPU.Build.0 = Release|Any CPU
		{4745CA11-E4D8-40B2-9F0B-0BD151862B18}.Debug|Any CPU.ActiveCfg = Debug|Any CPU
		{4745CA11-E4D8-40B2-9F0B-0BD151862B18}.Debug|Any CPU.Build.0 = Debug|Any CPU
		{4745CA11-E4D8-40B2-9F0B-0BD151862B18}.Release|Any CPU.ActiveCfg = Release|Any CPU
		{4745CA11-E4D8-40B2-9F0B-0BD151862B18}.Release|Any CPU.Build.0 = Release|Any CPU
		{E748E16F-ED98-4052-9BBC-A87E1F1EA389}.Debug|Any CPU.ActiveCfg = Debug|Any CPU
		{E748E16F-ED98-4052-9BBC-A87E1F1EA389}.Debug|Any CPU.Build.0 = Debug|Any CPU
		{E748E16F-ED98-4052-9BBC-A87E1F1EA389}.Release|Any CPU.ActiveCfg = Release|Any CPU
		{E748E16F-ED98-4052-9BBC-A87E1F1EA389}.Release|Any CPU.Build.0 = Release|Any CPU
	EndGlobalSection
	GlobalSection(SolutionProperties) = preSolution
		HideSolutionNode = FALSE
	EndGlobalSection
	GlobalSection(ExtensibilityGlobals) = postSolution
		SolutionGuid = {AB741497-6D0C-45C3-B3A7-BC2C8BA9268F}
	EndGlobalSection
EndGlobal
