
Microsoft Visual Studio Solution File, Format Version 12.00
# Visual Studio Version 17
VisualStudioVersion = 17.8.34330.188
MinimumVisualStudioVersion = 10.0.40219.1
Project("{FAE04EC0-301F-11D3-BF4B-00C04F79EFBC}") = "Date.API", "Date.API.csproj", "{EDCA1D42-D551-4C3F-A04A-C795F31BDAAF}"
EndProject
Global
	GlobalSection(SolutionConfigurationPlatforms) = preSolution
		Debug|Any CPU = Debug|Any CPU
		Release|Any CPU = Release|Any CPU
	EndGlobalSection
	GlobalSection(ProjectConfigurationPlatforms) = postSolution
		{EDCA1D42-D551-4C3F-A04A-C795F31BDAAF}.Debug|Any CPU.ActiveCfg = Debug|Any CPU
		{EDCA1D42-D551-4C3F-A04A-C795F31BDAAF}.Debug|Any CPU.Build.0 = Debug|Any CPU
		{EDCA1D42-D551-4C3F-A04A-C795F31BDAAF}.Release|Any CPU.ActiveCfg = Release|Any CPU
		{EDCA1D42-D551-4C3F-A04A-C795F31BDAAF}.Release|Any CPU.Build.0 = Release|Any CPU
	EndGlobalSection
	GlobalSection(SolutionProperties) = preSolution
		HideSolutionNode = FALSE
	EndGlobalSection
	GlobalSection(ExtensibilityGlobals) = postSolution
		SolutionGuid = {40AF953C-A053-4E80-B504-C7BA6BAA8F3F}
	EndGlobalSection
EndGlobal
