
Microsoft Visual Studio Solution File, Format Version 12.00
# Visual Studio Version 17
VisualStudioVersion = 17.6.33801.468
MinimumVisualStudioVersion = 10.0.40219.1
Project("{9A19103F-16F7-4668-BE54-9A1E7A4F7556}") = "DemoCache", "DemoCache\DemoCache.csproj", "{F613F512-0E1A-49BB-BE7C-D6C3528BF329}"
EndProject
Project("{9A19103F-16F7-4668-BE54-9A1E7A4F7556}") = "DemoCache.Core", "DemoCache.Core\DemoCache.Core.csproj", "{12C22576-55B2-46FF-9EF8-5E7D1E156734}"
EndProject
Project("{9A19103F-16F7-4668-BE54-9A1E7A4F7556}") = "DemoCache.Services", "DemoCache.Services\DemoCache.Services.csproj", "{D91A22A7-3F9B-41EC-87F2-6F98CEBF0829}"
EndProject
Project("{9A19103F-16F7-4668-BE54-9A1E7A4F7556}") = "DemoCache.Infrastructure", "DemoCache.Infrastructure\DemoCache.Infrastructure.csproj", "{F3C36962-6BAD-468D-B440-43AB5BB626A6}"
EndProject
Project("{FAE04EC0-301F-11D3-BF4B-00C04F79EFBC}") = "DemoCache.Domain", "DemoCache.Domain\DemoCache.Domain.csproj", "{C6142B87-EBC0-4B99-BF1B-F75F41170544}"
EndProject
Global
	GlobalSection(SolutionConfigurationPlatforms) = preSolution
		Debug|Any CPU = Debug|Any CPU
		Release|Any CPU = Release|Any CPU
	EndGlobalSection
	GlobalSection(ProjectConfigurationPlatforms) = postSolution
		{F613F512-0E1A-49BB-BE7C-D6C3528BF329}.Debug|Any CPU.ActiveCfg = Debug|Any CPU
		{F613F512-0E1A-49BB-BE7C-D6C3528BF329}.Debug|Any CPU.Build.0 = Debug|Any CPU
		{F613F512-0E1A-49BB-BE7C-D6C3528BF329}.Release|Any CPU.ActiveCfg = Release|Any CPU
		{F613F512-0E1A-49BB-BE7C-D6C3528BF329}.Release|Any CPU.Build.0 = Release|Any CPU
		{12C22576-55B2-46FF-9EF8-5E7D1E156734}.Debug|Any CPU.ActiveCfg = Debug|Any CPU
		{12C22576-55B2-46FF-9EF8-5E7D1E156734}.Debug|Any CPU.Build.0 = Debug|Any CPU
		{12C22576-55B2-46FF-9EF8-5E7D1E156734}.Release|Any CPU.ActiveCfg = Release|Any CPU
		{12C22576-55B2-46FF-9EF8-5E7D1E156734}.Release|Any CPU.Build.0 = Release|Any CPU
		{D91A22A7-3F9B-41EC-87F2-6F98CEBF0829}.Debug|Any CPU.ActiveCfg = Debug|Any CPU
		{D91A22A7-3F9B-41EC-87F2-6F98CEBF0829}.Debug|Any CPU.Build.0 = Debug|Any CPU
		{D91A22A7-3F9B-41EC-87F2-6F98CEBF0829}.Release|Any CPU.ActiveCfg = Release|Any CPU
		{D91A22A7-3F9B-41EC-87F2-6F98CEBF0829}.Release|Any CPU.Build.0 = Release|Any CPU
		{F3C36962-6BAD-468D-B440-43AB5BB626A6}.Debug|Any CPU.ActiveCfg = Debug|Any CPU
		{F3C36962-6BAD-468D-B440-43AB5BB626A6}.Debug|Any CPU.Build.0 = Debug|Any CPU
		{F3C36962-6BAD-468D-B440-43AB5BB626A6}.Release|Any CPU.ActiveCfg = Release|Any CPU
		{F3C36962-6BAD-468D-B440-43AB5BB626A6}.Release|Any CPU.Build.0 = Release|Any CPU
		{C6142B87-EBC0-4B99-BF1B-F75F41170544}.Debug|Any CPU.ActiveCfg = Debug|Any CPU
		{C6142B87-EBC0-4B99-BF1B-F75F41170544}.Debug|Any CPU.Build.0 = Debug|Any CPU
		{C6142B87-EBC0-4B99-BF1B-F75F41170544}.Release|Any CPU.ActiveCfg = Release|Any CPU
		{C6142B87-EBC0-4B99-BF1B-F75F41170544}.Release|Any CPU.Build.0 = Release|Any CPU
	EndGlobalSection
	GlobalSection(SolutionProperties) = preSolution
		HideSolutionNode = FALSE
	EndGlobalSection
	GlobalSection(ExtensibilityGlobals) = postSolution
		SolutionGuid = {187F822D-74B0-4F39-B62A-7C77690271CF}
	EndGlobalSection
EndGlobal
